# THIS IS AN AUTOGENERATED FILE. DO NOT EDIT THIS FILE DIRECTLY.
# yarn lockfile v1


"@catpic/console-highlighter@^1.0.0":
  version "1.0.0"
  resolved "https://registry.yarnpkg.com/@catpic/console-highlighter/-/console-highlighter-1.0.0.tgz#08b28d7e014f5fb27d8b78ab4e54ebff5a9e96f6"
  integrity sha512-UKeOEoOQADTp4EYVeUya8+/LZdvJBadbQ23Ged/PbK6Lm7USsiTpLQt5brPsCQa40BIKYMqlz73abFqATh7Y6A==
